
Microsoft Visual Studio Solution File, Format Version 12.00
# Visual Studio 14
VisualStudioVersion = 14.0.25420.1
MinimumVisualStudioVersion = 10.0.40219.1
Project("{FAE04EC0-301F-11D3-BF4B-00C04F79EFBC}") = "WeChatCleanFans", "WeChatCleanFans\WeChatCleanFans.csproj", "{93315223-8405-426E-81C9-259B08BA6914}"
EndProject
Project("{FAE04EC0-301F-11D3-BF4B-00C04F79EFBC}") = "WeChatHttpCore", "WwChatHttpCore\WeChatHttpCore.csproj", "{2CEADEF4-DE9E-4E93-A1A1-1849D6781BD5}"
EndProject
Project("{FAE04EC0-301F-11D3-BF4B-00C04F79EFBC}") = "WwChatHttpCoreTests", "WwChatHttpCoreTests\WwChatHttpCoreTests.csproj", "{62F655AD-8666-4A48-A533-B20C6882D324}"
EndProject
Global
	GlobalSection(SolutionConfigurationPlatforms) = preSolution
		Debug|Any CPU = Debug|Any CPU
		Release|Any CPU = Release|Any CPU
	EndGlobalSection
	GlobalSection(ProjectConfigurationPlatforms) = postSolution
		{93315223-8405-426E-81C9-259B08BA6914}.Debug|Any CPU.ActiveCfg = Debug|Any CPU
		{93315223-8405-426E-81C9-259B08BA6914}.Debug|Any CPU.Build.0 = Debug|Any CPU
		{93315223-8405-426E-81C9-259B08BA6914}.Release|Any CPU.ActiveCfg = Release|Any CPU
		{93315223-8405-426E-81C9-259B08BA6914}.Release|Any CPU.Build.0 = Release|Any CPU
		{2CEADEF4-DE9E-4E93-A1A1-1849D6781BD5}.Debug|Any CPU.ActiveCfg = Debug|Any CPU
		{2CEADEF4-DE9E-4E93-A1A1-1849D6781BD5}.Debug|Any CPU.Build.0 = Debug|Any CPU
		{2CEADEF4-DE9E-4E93-A1A1-1849D6781BD5}.Release|Any CPU.ActiveCfg = Release|Any CPU
		{2CEADEF4-DE9E-4E93-A1A1-1849D6781BD5}.Release|Any CPU.Build.0 = Release|Any CPU
		{62F655AD-8666-4A48-A533-B20C6882D324}.Debug|Any CPU.ActiveCfg = Debug|Any CPU
		{62F655AD-8666-4A48-A533-B20C6882D324}.Debug|Any CPU.Build.0 = Debug|Any CPU
		{62F655AD-8666-4A48-A533-B20C6882D324}.Release|Any CPU.ActiveCfg = Release|Any CPU
		{62F655AD-8666-4A48-A533-B20C6882D324}.Release|Any CPU.Build.0 = Release|Any CPU
	EndGlobalSection
	GlobalSection(SolutionProperties) = preSolution
		HideSolutionNode = FALSE
	EndGlobalSection
EndGlobal
